{
    "name": "@steveorevo/node-red-emerge",
    "version": "1.2.0",
    "lockfileVersion": 2,
    "requires": true,
    "packages": {
        "": {
            "name": "@steveorevo/node-red-emerge",
            "version": "1.2.0",
            "license": "MIT",
            "engines": {
                "node": ">=14.0.0"
            }
        }
    }
}
